
Microsoft Visual Studio Solution File, Format Version 12.00
# Visual Studio Version 16
VisualStudioVersion = 16.0.30717.126
MinimumVisualStudioVersion = 10.0.40219.1
Project("{FAE04EC0-301F-11D3-BF4B-00C04F79EFBC}") = "dan-client-dotnet", "dan-client-dotnet.csproj", "{BD2AD8BB-64C1-4A21-9C2E-F27BC3D2473B}"
EndProject
Global
	GlobalSection(SolutionConfigurationPlatforms) = preSolution
		Debug|Any CPU = Debug|Any CPU
		Release|Any CPU = Release|Any CPU
	EndGlobalSection
	GlobalSection(ProjectConfigurationPlatforms) = postSolution
		{BD2AD8BB-64C1-4A21-9C2E-F27BC3D2473B}.Debug|Any CPU.ActiveCfg = Debug|Any CPU
		{BD2AD8BB-64C1-4A21-9C2E-F27BC3D2473B}.Debug|Any CPU.Build.0 = Debug|Any CPU
		{BD2AD8BB-64C1-4A21-9C2E-F27BC3D2473B}.Release|Any CPU.ActiveCfg = Release|Any CPU
		{BD2AD8BB-64C1-4A21-9C2E-F27BC3D2473B}.Release|Any CPU.Build.0 = Release|Any CPU
	EndGlobalSection
	GlobalSection(SolutionProperties) = preSolution
		HideSolutionNode = FALSE
	EndGlobalSection
	GlobalSection(ExtensibilityGlobals) = postSolution
		SolutionGuid = {A937BEB2-639B-4EB3-8A5C-858FAD9159FD}
	EndGlobalSection
EndGlobal
